
Microsoft Visual Studio Solution File, Format Version 12.00
# Visual Studio Version 17
VisualStudioVersion = 17.9.34714.143
MinimumVisualStudioVersion = 10.0.40219.1
Project("{FAE04EC0-301F-11D3-BF4B-00C04F79EFBC}") = "BlazorChatSingalRApp", "BlazorChatSingalRApp.csproj", "{1273636A-3E63-4601-9545-70E69C792B90}"
EndProject
Global
	GlobalSection(SolutionConfigurationPlatforms) = preSolution
		Debug|Any CPU = Debug|Any CPU
		Release|Any CPU = Release|Any CPU
	EndGlobalSection
	GlobalSection(ProjectConfigurationPlatforms) = postSolution
		{1273636A-3E63-4601-9545-70E69C792B90}.Debug|Any CPU.ActiveCfg = Debug|Any CPU
		{1273636A-3E63-4601-9545-70E69C792B90}.Debug|Any CPU.Build.0 = Debug|Any CPU
		{1273636A-3E63-4601-9545-70E69C792B90}.Release|Any CPU.ActiveCfg = Release|Any CPU
		{1273636A-3E63-4601-9545-70E69C792B90}.Release|Any CPU.Build.0 = Release|Any CPU
	EndGlobalSection
	GlobalSection(SolutionProperties) = preSolution
		HideSolutionNode = FALSE
	EndGlobalSection
	GlobalSection(ExtensibilityGlobals) = postSolution
		SolutionGuid = {0CDF7E9D-5FA6-4D09-923C-EF5488E8FDA6}
	EndGlobalSection
EndGlobal
